
Microsoft Visual Studio Solution File, Format Version 12.00
# Visual Studio Version 17
VisualStudioVersion = 17.9.34407.89
MinimumVisualStudioVersion = 10.0.40219.1
Project("{9A19103F-16F7-4668-BE54-9A1E7A4F7556}") = "MyResume", "MyResume\MyResume.csproj", "{4D2435DB-E08E-44D8-A6F7-3922C6D682FA}"
EndProject
Project("{FAE04EC0-301F-11D3-BF4B-00C04F79EFBC}") = "EntityLayer", "EntityLayer\EntityLayer.csproj", "{80F3E459-656D-412E-A5B1-833DB4E5A6D4}"
EndProject
Project("{FAE04EC0-301F-11D3-BF4B-00C04F79EFBC}") = "DtoLayer", "DtoLayer\DtoLayer.csproj", "{C7A7492B-732F-4AEE-9FE9-80599882B9A0}"
EndProject
Project("{FAE04EC0-301F-11D3-BF4B-00C04F79EFBC}") = "DataAccessLayer", "DataAccessLayer\DataAccessLayer.csproj", "{88C63E35-052B-4E05-A7A4-B475533EA6C2}"
EndProject
Project("{FAE04EC0-301F-11D3-BF4B-00C04F79EFBC}") = "BusinessLayer", "BusinessLayer\BusinessLayer.csproj", "{13CB7C94-2E9D-4084-9398-4F9FA72ED5B0}"
EndProject
Global
	GlobalSection(SolutionConfigurationPlatforms) = preSolution
		Debug|Any CPU = Debug|Any CPU
		Release|Any CPU = Release|Any CPU
	EndGlobalSection
	GlobalSection(ProjectConfigurationPlatforms) = postSolution
		{4D2435DB-E08E-44D8-A6F7-3922C6D682FA}.Debug|Any CPU.ActiveCfg = Debug|Any CPU
		{4D2435DB-E08E-44D8-A6F7-3922C6D682FA}.Debug|Any CPU.Build.0 = Debug|Any CPU
		{4D2435DB-E08E-44D8-A6F7-3922C6D682FA}.Release|Any CPU.ActiveCfg = Release|Any CPU
		{4D2435DB-E08E-44D8-A6F7-3922C6D682FA}.Release|Any CPU.Build.0 = Release|Any CPU
		{80F3E459-656D-412E-A5B1-833DB4E5A6D4}.Debug|Any CPU.ActiveCfg = Debug|Any CPU
		{80F3E459-656D-412E-A5B1-833DB4E5A6D4}.Debug|Any CPU.Build.0 = Debug|Any CPU
		{80F3E459-656D-412E-A5B1-833DB4E5A6D4}.Release|Any CPU.ActiveCfg = Release|Any CPU
		{80F3E459-656D-412E-A5B1-833DB4E5A6D4}.Release|Any CPU.Build.0 = Release|Any CPU
		{C7A7492B-732F-4AEE-9FE9-80599882B9A0}.Debug|Any CPU.ActiveCfg = Debug|Any CPU
		{C7A7492B-732F-4AEE-9FE9-80599882B9A0}.Debug|Any CPU.Build.0 = Debug|Any CPU
		{C7A7492B-732F-4AEE-9FE9-80599882B9A0}.Release|Any CPU.ActiveCfg = Release|Any CPU
		{C7A7492B-732F-4AEE-9FE9-80599882B9A0}.Release|Any CPU.Build.0 = Release|Any CPU
		{88C63E35-052B-4E05-A7A4-B475533EA6C2}.Debug|Any CPU.ActiveCfg = Debug|Any CPU
		{88C63E35-052B-4E05-A7A4-B475533EA6C2}.Debug|Any CPU.Build.0 = Debug|Any CPU
		{88C63E35-052B-4E05-A7A4-B475533EA6C2}.Release|Any CPU.ActiveCfg = Release|Any CPU
		{88C63E35-052B-4E05-A7A4-B475533EA6C2}.Release|Any CPU.Build.0 = Release|Any CPU
		{13CB7C94-2E9D-4084-9398-4F9FA72ED5B0}.Debug|Any CPU.ActiveCfg = Debug|Any CPU
		{13CB7C94-2E9D-4084-9398-4F9FA72ED5B0}.Debug|Any CPU.Build.0 = Debug|Any CPU
		{13CB7C94-2E9D-4084-9398-4F9FA72ED5B0}.Release|Any CPU.ActiveCfg = Release|Any CPU
		{13CB7C94-2E9D-4084-9398-4F9FA72ED5B0}.Release|Any CPU.Build.0 = Release|Any CPU
	EndGlobalSection
	GlobalSection(SolutionProperties) = preSolution
		HideSolutionNode = FALSE
	EndGlobalSection
	GlobalSection(ExtensibilityGlobals) = postSolution
		SolutionGuid = {BC4736AD-B555-4ECF-86FE-C1943880E9A8}
	EndGlobalSection
EndGlobal
